
Microsoft Visual Studio Solution File, Format Version 12.00
# Visual Studio Version 16
VisualStudioVersion = 16.0.30611.23
MinimumVisualStudioVersion = 10.0.40219.1
Project("{FAE04EC0-301F-11D3-BF4B-00C04F79EFBC}") = "WindowsFormsApp1", "WindowsFormsApp1\WindowsFormsApp1.csproj", "{BDB146D2-9763-4236-AB59-5F4A6EEC1808}"
EndProject
Global
	GlobalSection(SolutionConfigurationPlatforms) = preSolution
		Debug|Any CPU = Debug|Any CPU
		Release|Any CPU = Release|Any CPU
	EndGlobalSection
	GlobalSection(ProjectConfigurationPlatforms) = postSolution
		{BDB146D2-9763-4236-AB59-5F4A6EEC1808}.Debug|Any CPU.ActiveCfg = Debug|Any CPU
		{BDB146D2-9763-4236-AB59-5F4A6EEC1808}.Debug|Any CPU.Build.0 = Debug|Any CPU
		{BDB146D2-9763-4236-AB59-5F4A6EEC1808}.Release|Any CPU.ActiveCfg = Release|Any CPU
		{BDB146D2-9763-4236-AB59-5F4A6EEC1808}.Release|Any CPU.Build.0 = Release|Any CPU
	EndGlobalSection
	GlobalSection(SolutionProperties) = preSolution
		HideSolutionNode = FALSE
	EndGlobalSection
	GlobalSection(ExtensibilityGlobals) = postSolution
		SolutionGuid = {A7B9F367-3030-4747-9684-0F85E2639E8F}
	EndGlobalSection
EndGlobal
